{
  "requires": true,
  "lockfileVersion": 1,
  "dependencies": {
    "svelte-eva-icons": {
      "version": "2.0.0",
      "resolved": "https://registry.npmjs.org/svelte-eva-icons/-/svelte-eva-icons-2.0.0.tgz",
      "integrity": "sha512-BiFztSqkA3ZivKrRg8XWmTFn2wxPcSnWophD3OD7mwJUp7/5VulEKIleIHpofQ7RLjOUePf9oBgDel5JpwhosA==",
      "dev": true
    }
  }
}
